// !$*UTF8*$!
{
	archiveVersion = 1;
	classes = {
	};
	objectVersion = 46;
	objects = {

/* Begin PBXBuildFile section */
		4A039EB21A09045B005543CE /* autumn_waku.png in Resources */ = {isa = PBXBuildFile; fileRef = 4A039EAC1A09045B005543CE /* autumn_waku.png */; };
		4A039EB31A09045B005543CE /* park_waku.png in Resources */ = {isa = PBXBuildFile; fileRef = 4A039EAD1A09045B005543CE /* park_waku.png */; };
		4A039EB41A09045B005543CE /* sea_waku.png in Resources */ = {isa = PBXBuildFile; fileRef = 4A039EAE1A09045B005543CE /* sea_waku.png */; };
		4A039EB51A09045B005543CE /* spring_waku.png in Resources */ = {isa = PBXBuildFile; fileRef = 4A039EAF1A09045B005543CE /* spring_waku.png */; };
		4A039EB61A09045B005543CE /* summer_waku.png in Resources */ = {isa = PBXBuildFile; fileRef = 4A039EB01A09045B005543CE /* summer_waku.png */; };
		4A039EB71A09045B005543CE /* winter_waku.png in Resources */ = {isa = PBXBuildFile; fileRef = 4A039EB11A09045B005543CE /* winter_waku.png */; };
		4A74F31419F6690D00DA5C82 /* main.m in Sources */ = {isa = PBXBuildFile; fileRef = 4A74F31319F6690D00DA5C82 /* main.m */; };
		4A74F31719F6690D00DA5C82 /* AppDelegate.m in Sources */ = {isa = PBXBuildFile; fileRef = 4A74F31619F6690D00DA5C82 /* AppDelegate.m */; };
		4A74F31D19F6690D00DA5C82 /* Main.storyboard in Resources */ = {isa = PBXBuildFile; fileRef = 4A74F31B19F6690D00DA5C82 /* Main.storyboard */; };
		4A74F31F19F6690D00DA5C82 /* Images.xcassets in Resources */ = {isa = PBXBuildFile; fileRef = 4A74F31E19F6690D00DA5C82 /* Images.xcassets */; };
		4A74F32219F6690D00DA5C82 /* LaunchScreen.xib in Resources */ = {isa = PBXBuildFile; fileRef = 4A74F32019F6690D00DA5C82 /* LaunchScreen.xib */; };
		4A74F32E19F6690D00DA5C82 /* tourism_appTests.m in Sources */ = {isa = PBXBuildFile; fileRef = 4A74F32D19F6690D00DA5C82 /* tourism_appTests.m */; };
		4A85966A19FFB67C0097379A /* hakodateasaichi.png in Resources */ = {isa = PBXBuildFile; fileRef = 4A85965A19FFB67C0097379A /* hakodateasaichi.png */; };
		4A85966B19FFB67C0097379A /* hakodatechihoukisyoudai.png in Resources */ = {isa = PBXBuildFile; fileRef = 4A85965B19FFB67C0097379A /* hakodatechihoukisyoudai.png */; };
		4A85966C19FFB67C0097379A /* hakodatehachimangu.png in Resources */ = {isa = PBXBuildFile; fileRef = 4A85965C19FFB67C0097379A /* hakodatehachimangu.png */; };
		4A85966D19FFB67C0097379A /* hakodatetankidaigakuhuzokuyouchien.png in Resources */ = {isa = PBXBuildFile; fileRef = 4A85965D19FFB67C0097379A /* hakodatetankidaigakuhuzokuyouchien.png */; };
		4A85966E19FFB67C0097379A /* hokkaidouoshimagoudoutyousya.png in Resources */ = {isa = PBXBuildFile; fileRef = 4A85965E19FFB67C0097379A /* hokkaidouoshimagoudoutyousya.png */; };
		4A85966F19FFB67C0097379A /* kashiwagityoukaikan.png in Resources */ = {isa = PBXBuildFile; fileRef = 4A85965F19FFB67C0097379A /* kashiwagityoukaikan.png */; };
		4A85967019FFB67C0097379A /* kashiwanosyougakkou.png in Resources */ = {isa = PBXBuildFile; fileRef = 4A85966019FFB67C0097379A /* kashiwanosyougakkou.png */; };
		4A85967119FFB67C0097379A /* kashiwanosyougakkou2.png in Resources */ = {isa = PBXBuildFile; fileRef = 4A85966119FFB67C0097379A /* kashiwanosyougakkou2.png */; };
		4A85967219FFB67C0097379A /* kouyaji.png in Resources */ = {isa = PBXBuildFile; fileRef = 4A85966219FFB67C0097379A /* kouyaji.png */; };
		4A85967319FFB67C0097379A /* memoriarushippumashumaru.png in Resources */ = {isa = PBXBuildFile; fileRef = 4A85966319FFB67C0097379A /* memoriarushippumashumaru.png */; };
		4A85967419FFB67C0097379A /* midorimachidori.png in Resources */ = {isa = PBXBuildFile; fileRef = 4A85966419FFB67C0097379A /* midorimachidori.png */; };
		4A85967519FFB67C0097379A /* sakuragaokadori.png in Resources */ = {isa = PBXBuildFile; fileRef = 4A85966519FFB67C0097379A /* sakuragaokadori.png */; };
		4A85967619FFB67C0097379A /* sakuragaokadori2.png in Resources */ = {isa = PBXBuildFile; fileRef = 4A85966619FFB67C0097379A /* sakuragaokadori2.png */; };
		4A85967719FFB67C0097379A /* sumiyoshityoukaikan.png in Resources */ = {isa = PBXBuildFile; fileRef = 4A85966719FFB67C0097379A /* sumiyoshityoukaikan.png */; };
		4A85967819FFB67C0097379A /* tomoeohashi.png in Resources */ = {isa = PBXBuildFile; fileRef = 4A85966819FFB67C0097379A /* tomoeohashi.png */; };
		4A85967919FFB67C0097379A /* yajigashiratyoukaikan.png in Resources */ = {isa = PBXBuildFile; fileRef = 4A85966919FFB67C0097379A /* yajigashiratyoukaikan.png */; };
		4A8596841A00CBD10097379A /* autumn.png in Resources */ = {isa = PBXBuildFile; fileRef = 4A85967E1A00CBD10097379A /* autumn.png */; };
		4A8596851A00CBD10097379A /* park.png in Resources */ = {isa = PBXBuildFile; fileRef = 4A85967F1A00CBD10097379A /* park.png */; };
		4A8596861A00CBD10097379A /* sea.png in Resources */ = {isa = PBXBuildFile; fileRef = 4A8596801A00CBD10097379A /* sea.png */; };
		4A8596871A00CBD10097379A /* spring.png in Resources */ = {isa = PBXBuildFile; fileRef = 4A8596811A00CBD10097379A /* spring.png */; };
		4A8596881A00CBD10097379A /* summer.png in Resources */ = {isa = PBXBuildFile; fileRef = 4A8596821A00CBD10097379A /* summer.png */; };
		4A8596891A00CBD10097379A /* winter.png in Resources */ = {isa = PBXBuildFile; fileRef = 4A8596831A00CBD10097379A /* winter.png */; };
		4A8596941A025EE50097379A /* CourseModel.m in Sources */ = {isa = PBXBuildFile; fileRef = 4A8596931A025EE50097379A /* CourseModel.m */; };
		4A8596951A025EE50097379A /* CourseModel.m in Sources */ = {isa = PBXBuildFile; fileRef = 4A8596931A025EE50097379A /* CourseModel.m */; };
		4A8596991A0318D90097379A /* see_walkingmap.png in Resources */ = {isa = PBXBuildFile; fileRef = 4A8596971A0318D90097379A /* see_walkingmap.png */; };
		4A85969A1A0318D90097379A /* walk_course.png in Resources */ = {isa = PBXBuildFile; fileRef = 4A8596981A0318D90097379A /* walk_course.png */; };
		4A8596A21A0642340097379A /* walking_map.db in Resources */ = {isa = PBXBuildFile; fileRef = 4A8596A11A0642340097379A /* walking_map.db */; };
		4ADE376019FA109200FE524F /* TopViewController.m in Sources */ = {isa = PBXBuildFile; fileRef = 4ADE375F19FA109200FE524F /* TopViewController.m */; };
		4ADE376319FA1A5A00FE524F /* CourseTableViewController.m in Sources */ = {isa = PBXBuildFile; fileRef = 4ADE376219FA1A5A00FE524F /* CourseTableViewController.m */; };
		4ADE376619FA1B7900FE524F /* CourseMapViewController.m in Sources */ = {isa = PBXBuildFile; fileRef = 4ADE376519FA1B7900FE524F /* CourseMapViewController.m */; };
		4ADE376919FA1BC400FE524F /* CourseDetailMapViewController.m in Sources */ = {isa = PBXBuildFile; fileRef = 4ADE376819FA1BC400FE524F /* CourseDetailMapViewController.m */; };
		4ADE376C19FA1C0A00FE524F /* CourseDetailViewController.m in Sources */ = {isa = PBXBuildFile; fileRef = 4ADE376B19FA1C0A00FE524F /* CourseDetailViewController.m */; };
		4ADE376F19FA1C5D00FE524F /* CategoryViewController.m in Sources */ = {isa = PBXBuildFile; fileRef = 4ADE376E19FA1C5D00FE524F /* CategoryViewController.m */; };
		4ADE377219FA1CC200FE524F /* SpotDetailViewController.m in Sources */ = {isa = PBXBuildFile; fileRef = 4ADE377119FA1CC200FE524F /* SpotDetailViewController.m */; };
		4ADE377519FA1D1C00FE524F /* HealthWalkingMapDetailViewController.m in Sources */ = {isa = PBXBuildFile; fileRef = 4ADE377419FA1D1C00FE524F /* HealthWalkingMapDetailViewController.m */; };
		4ADE377719FA41C900FE524F /* CoreLocation.framework in Frameworks */ = {isa = PBXBuildFile; fileRef = 4ADE377619FA41C900FE524F /* CoreLocation.framework */; };
		4ADE377919FA41DA00FE524F /* MapKit.framework in Frameworks */ = {isa = PBXBuildFile; fileRef = 4ADE377819FA41DA00FE524F /* MapKit.framework */; };
		4ADE378619FA728200FE524F /* FMDatabase.m in Sources */ = {isa = PBXBuildFile; fileRef = 4ADE377C19FA728200FE524F /* FMDatabase.m */; };
		4ADE378719FA728200FE524F /* FMDatabaseAdditions.m in Sources */ = {isa = PBXBuildFile; fileRef = 4ADE377E19FA728200FE524F /* FMDatabaseAdditions.m */; };
		4ADE378819FA728200FE524F /* FMDatabasePool.m in Sources */ = {isa = PBXBuildFile; fileRef = 4ADE378019FA728200FE524F /* FMDatabasePool.m */; };
		4ADE378919FA728200FE524F /* FMDatabaseQueue.m in Sources */ = {isa = PBXBuildFile; fileRef = 4ADE378219FA728200FE524F /* FMDatabaseQueue.m */; };
		4ADE378A19FA728200FE524F /* FMResultSet.m in Sources */ = {isa = PBXBuildFile; fileRef = 4ADE378519FA728200FE524F /* FMResultSet.m */; };
		4ADE378C19FA72CD00FE524F /* libsqlite3.0.dylib in Frameworks */ = {isa = PBXBuildFile; fileRef = 4ADE378B19FA72CD00FE524F /* libsqlite3.0.dylib */; };
		4ADE37A819FBD36300FE524F /* Course.m in Sources */ = {isa = PBXBuildFile; fileRef = 4ADE37A419FBD36300FE524F /* Course.m */; };
		9C08ABBC1A1463DC0096A6D6 /* CourseDetailMapView+Alert.m in Sources */ = {isa = PBXBuildFile; fileRef = 9C08ABBB1A1463DC0096A6D6 /* CourseDetailMapView+Alert.m */; };
		9C1D31A81A0A164A0098053D /* boolbaritem.png in Resources */ = {isa = PBXBuildFile; fileRef = 9C1D31A71A0A164A0098053D /* boolbaritem.png */; };
		9C1D31AA1A0A16520098053D /* background.png in Resources */ = {isa = PBXBuildFile; fileRef = 9C1D31A91A0A16520098053D /* background.png */; };
		9C1D31AC1A0A165D0098053D /* follow_icon.png in Resources */ = {isa = PBXBuildFile; fileRef = 9C1D31AB1A0A165D0098053D /* follow_icon.png */; };
		9C1D31AE1A0A16640098053D /* followheading_icon.png in Resources */ = {isa = PBXBuildFile; fileRef = 9C1D31AD1A0A16640098053D /* followheading_icon.png */; };
		9C1D31B01A0A166B0098053D /* none_icon.png in Resources */ = {isa = PBXBuildFile; fileRef = 9C1D31AF1A0A166B0098053D /* none_icon.png */; };
		9C1D31B31A0A30820098053D /* CustomAnnotation.m in Sources */ = {isa = PBXBuildFile; fileRef = 9C1D31B21A0A30820098053D /* CustomAnnotation.m */; };
		9C1D31B81A0A9A660098053D /* start_pin.png in Resources */ = {isa = PBXBuildFile; fileRef = 9C1D31B71A0A9A660098053D /* start_pin.png */; };
		9CB20ADA1A131F8900A5F1A8 /* CourseMapView+Alert.m in Sources */ = {isa = PBXBuildFile; fileRef = 9CB20AD91A131F8900A5F1A8 /* CourseMapView+Alert.m */; };
/* End PBXBuildFile section */

/* Begin PBXContainerItemProxy section */
		4A74F32819F6690D00DA5C82 /* PBXContainerItemProxy */ = {
			isa = PBXContainerItemProxy;
			containerPortal = 4A74F30619F6690D00DA5C82 /* Project object */;
			proxyType = 1;
			remoteGlobalIDString = 4A74F30D19F6690D00DA5C82;
			remoteInfo = "tourism-app";
		};
/* End PBXContainerItemProxy section */

/* Begin PBXFileReference section */
		4A039EAC1A09045B005543CE /* autumn_waku.png */ = {isa = PBXFileReference; lastKnownFileType = image.png; path = autumn_waku.png; sourceTree = "<group>"; };
		4A039EAD1A09045B005543CE /* park_waku.png */ = {isa = PBXFileReference; lastKnownFileType = image.png; path = park_waku.png; sourceTree = "<group>"; };
		4A039EAE1A09045B005543CE /* sea_waku.png */ = {isa = PBXFileReference; lastKnownFileType = image.png; path = sea_waku.png; sourceTree = "<group>"; };
		4A039EAF1A09045B005543CE /* spring_waku.png */ = {isa = PBXFileReference; lastKnownFileType = image.png; path = spring_waku.png; sourceTree = "<group>"; };
		4A039EB01A09045B005543CE /* summer_waku.png */ = {isa = PBXFileReference; lastKnownFileType = image.png; path = summer_waku.png; sourceTree = "<group>"; };
		4A039EB11A09045B005543CE /* winter_waku.png */ = {isa = PBXFileReference; lastKnownFileType = image.png; path = winter_waku.png; sourceTree = "<group>"; };
		4A74F30E19F6690D00DA5C82 /* tourism-app.app */ = {isa = PBXFileReference; explicitFileType = wrapper.application; includeInIndex = 0; path = "tourism-app.app"; sourceTree = BUILT_PRODUCTS_DIR; };
		4A74F31219F6690D00DA5C82 /* Info.plist */ = {isa = PBXFileReference; lastKnownFileType = text.plist.xml; path = Info.plist; sourceTree = "<group>"; };
		4A74F31319F6690D00DA5C82 /* main.m */ = {isa = PBXFileReference; lastKnownFileType = sourcecode.c.objc; path = main.m; sourceTree = "<group>"; };
		4A74F31519F6690D00DA5C82 /* AppDelegate.h */ = {isa = PBXFileReference; lastKnownFileType = sourcecode.c.h; path = AppDelegate.h; sourceTree = "<group>"; };
		4A74F31619F6690D00DA5C82 /* AppDelegate.m */ = {isa = PBXFileReference; lastKnownFileType = sourcecode.c.objc; path = AppDelegate.m; sourceTree = "<group>"; };
		4A74F31C19F6690D00DA5C82 /* Base */ = {isa = PBXFileReference; lastKnownFileType = file.storyboard; name = Base; path = Base.lproj/Main.storyboard; sourceTree = "<group>"; };
		4A74F31E19F6690D00DA5C82 /* Images.xcassets */ = {isa = PBXFileReference; lastKnownFileType = folder.assetcatalog; path = Images.xcassets; sourceTree = "<group>"; };
		4A74F32119F6690D00DA5C82 /* Base */ = {isa = PBXFileReference; lastKnownFileType = file.xib; name = Base; path = Base.lproj/LaunchScreen.xib; sourceTree = "<group>"; };
		4A74F32719F6690D00DA5C82 /* tourism-appTests.xctest */ = {isa = PBXFileReference; explicitFileType = wrapper.cfbundle; includeInIndex = 0; path = "tourism-appTests.xctest"; sourceTree = BUILT_PRODUCTS_DIR; };
		4A74F32C19F6690D00DA5C82 /* Info.plist */ = {isa = PBXFileReference; lastKnownFileType = text.plist.xml; path = Info.plist; sourceTree = "<group>"; };
		4A74F32D19F6690D00DA5C82 /* tourism_appTests.m */ = {isa = PBXFileReference; lastKnownFileType = sourcecode.c.objc; path = tourism_appTests.m; sourceTree = "<group>"; };
		4A85965A19FFB67C0097379A /* hakodateasaichi.png */ = {isa = PBXFileReference; lastKnownFileType = image.png; path = hakodateasaichi.png; sourceTree = "<group>"; };
		4A85965B19FFB67C0097379A /* hakodatechihoukisyoudai.png */ = {isa = PBXFileReference; lastKnownFileType = image.png; path = hakodatechihoukisyoudai.png; sourceTree = "<group>"; };
		4A85965C19FFB67C0097379A /* hakodatehachimangu.png */ = {isa = PBXFileReference; lastKnownFileType = image.png; path = hakodatehachimangu.png; sourceTree = "<group>"; };
		4A85965D19FFB67C0097379A /* hakodatetankidaigakuhuzokuyouchien.png */ = {isa = PBXFileReference; lastKnownFileType = image.png; path = hakodatetankidaigakuhuzokuyouchien.png; sourceTree = "<group>"; };
		4A85965E19FFB67C0097379A /* hokkaidouoshimagoudoutyousya.png */ = {isa = PBXFileReference; lastKnownFileType = image.png; path = hokkaidouoshimagoudoutyousya.png; sourceTree = "<group>"; };
		4A85965F19FFB67C0097379A /* kashiwagityoukaikan.png */ = {isa = PBXFileReference; lastKnownFileType = image.png; path = kashiwagityoukaikan.png; sourceTree = "<group>"; };
		4A85966019FFB67C0097379A /* kashiwanosyougakkou.png */ = {isa = PBXFileReference; lastKnownFileType = image.png; path = kashiwanosyougakkou.png; sourceTree = "<group>"; };
		4A85966119FFB67C0097379A /* kashiwanosyougakkou2.png */ = {isa = PBXFileReference; lastKnownFileType = image.png; path = kashiwanosyougakkou2.png; sourceTree = "<group>"; };
		4A85966219FFB67C0097379A /* kouyaji.png */ = {isa = PBXFileReference; lastKnownFileType = image.png; path = kouyaji.png; sourceTree = "<group>"; };
		4A85966319FFB67C0097379A /* memoriarushippumashumaru.png */ = {isa = PBXFileReference; lastKnownFileType = image.png; path = memoriarushippumashumaru.png; sourceTree = "<group>"; };
		4A85966419FFB67C0097379A /* midorimachidori.png */ = {isa = PBXFileReference; lastKnownFileType = image.png; path = midorimachidori.png; sourceTree = "<group>"; };
		4A85966519FFB67C0097379A /* sakuragaokadori.png */ = {isa = PBXFileReference; lastKnownFileType = image.png; path = sakuragaokadori.png; sourceTree = "<group>"; };
		4A85966619FFB67C0097379A /* sakuragaokadori2.png */ = {isa = PBXFileReference; lastKnownFileType = image.png; path = sakuragaokadori2.png; sourceTree = "<group>"; };
		4A85966719FFB67C0097379A /* sumiyoshityoukaikan.png */ = {isa = PBXFileReference; lastKnownFileType = image.png; path = sumiyoshityoukaikan.png; sourceTree = "<group>"; };
		4A85966819FFB67C0097379A /* tomoeohashi.png */ = {isa = PBXFileReference; lastKnownFileType = image.png; path = tomoeohashi.png; sourceTree = "<group>"; };
		4A85966919FFB67C0097379A /* yajigashiratyoukaikan.png */ = {isa = PBXFileReference; lastKnownFileType = image.png; path = yajigashiratyoukaikan.png; sourceTree = "<group>"; };
		4A85967E1A00CBD10097379A /* autumn.png */ = {isa = PBXFileReference; lastKnownFileType = image.png; path = autumn.png; sourceTree = "<group>"; };
		4A85967F1A00CBD10097379A /* park.png */ = {isa = PBXFileReference; lastKnownFileType = image.png; path = park.png; sourceTree = "<group>"; };
		4A8596801A00CBD10097379A /* sea.png */ = {isa = PBXFileReference; lastKnownFileType = image.png; path = sea.png; sourceTree = "<group>"; };
		4A8596811A00CBD10097379A /* spring.png */ = {isa = PBXFileReference; lastKnownFileType = image.png; path = spring.png; sourceTree = "<group>"; };
		4A8596821A00CBD10097379A /* summer.png */ = {isa = PBXFileReference; lastKnownFileType = image.png; path = summer.png; sourceTree = "<group>"; };
		4A8596831A00CBD10097379A /* winter.png */ = {isa = PBXFileReference; lastKnownFileType = image.png; path = winter.png; sourceTree = "<group>"; };
		4A8596921A025EE50097379A /* CourseModel.h */ = {isa = PBXFileReference; fileEncoding = 4; lastKnownFileType = sourcecode.c.h; path = CourseModel.h; sourceTree = "<group>"; };
		4A8596931A025EE50097379A /* CourseModel.m */ = {isa = PBXFileReference; fileEncoding = 4; lastKnownFileType = sourcecode.c.objc; path = CourseModel.m; sourceTree = "<group>"; };
		4A8596971A0318D90097379A /* see_walkingmap.png */ = {isa = PBXFileReference; lastKnownFileType = image.png; path = see_walkingmap.png; sourceTree = "<group>"; };
		4A8596981A0318D90097379A /* walk_course.png */ = {isa = PBXFileReference; lastKnownFileType = image.png; path = walk_course.png; sourceTree = "<group>"; };
		4A8596A11A0642340097379A /* walking_map.db */ = {isa = PBXFileReference; lastKnownFileType = file; path = walking_map.db; sourceTree = "<group>"; };
		4ADE375E19FA109200FE524F /* TopViewController.h */ = {isa = PBXFileReference; fileEncoding = 4; lastKnownFileType = sourcecode.c.h; path = TopViewController.h; sourceTree = "<group>"; };
		4ADE375F19FA109200FE524F /* TopViewController.m */ = {isa = PBXFileReference; fileEncoding = 4; lastKnownFileType = sourcecode.c.objc; path = TopViewController.m; sourceTree = "<group>"; };
		4ADE376119FA1A5A00FE524F /* CourseTableViewController.h */ = {isa = PBXFileReference; fileEncoding = 4; lastKnownFileType = sourcecode.c.h; path = CourseTableViewController.h; sourceTree = "<group>"; };
		4ADE376219FA1A5A00FE524F /* CourseTableViewController.m */ = {isa = PBXFileReference; fileEncoding = 4; lastKnownFileType = sourcecode.c.objc; path = CourseTableViewController.m; sourceTree = "<group>"; };
		4ADE376419FA1B7900FE524F /* CourseMapViewController.h */ = {isa = PBXFileReference; fileEncoding = 4; lastKnownFileType = sourcecode.c.h; path = CourseMapViewController.h; sourceTree = "<group>"; };
		4ADE376519FA1B7900FE524F /* CourseMapViewController.m */ = {isa = PBXFileReference; fileEncoding = 4; lastKnownFileType = sourcecode.c.objc; path = CourseMapViewController.m; sourceTree = "<group>"; };
		4ADE376719FA1BC400FE524F /* CourseDetailMapViewController.h */ = {isa = PBXFileReference; fileEncoding = 4; lastKnownFileType = sourcecode.c.h; path = CourseDetailMapViewController.h; sourceTree = "<group>"; };
		4ADE376819FA1BC400FE524F /* CourseDetailMapViewController.m */ = {isa = PBXFileReference; fileEncoding = 4; lastKnownFileType = sourcecode.c.objc; path = CourseDetailMapViewController.m; sourceTree = "<group>"; };
		4ADE376A19FA1C0A00FE524F /* CourseDetailViewController.h */ = {isa = PBXFileReference; fileEncoding = 4; lastKnownFileType = sourcecode.c.h; path = CourseDetailViewController.h; sourceTree = "<group>"; };
		4ADE376B19FA1C0A00FE524F /* CourseDetailViewController.m */ = {isa = PBXFileReference; fileEncoding = 4; lastKnownFileType = sourcecode.c.objc; path = CourseDetailViewController.m; sourceTree = "<group>"; };
		4ADE376D19FA1C5D00FE524F /* CategoryViewController.h */ = {isa = PBXFileReference; fileEncoding = 4; lastKnownFileType = sourcecode.c.h; path = CategoryViewController.h; sourceTree = "<group>"; };
		4ADE376E19FA1C5D00FE524F /* CategoryViewController.m */ = {isa = PBXFileReference; fileEncoding = 4; lastKnownFileType = sourcecode.c.objc; path = CategoryViewController.m; sourceTree = "<group>"; };
		4ADE377019FA1CC200FE524F /* SpotDetailViewController.h */ = {isa = PBXFileReference; fileEncoding = 4; lastKnownFileType = sourcecode.c.h; path = SpotDetailViewController.h; sourceTree = "<group>"; };
		4ADE377119FA1CC200FE524F /* SpotDetailViewController.m */ = {isa = PBXFileReference; fileEncoding = 4; lastKnownFileType = sourcecode.c.objc; path = SpotDetailViewController.m; sourceTree = "<group>"; };
		4ADE377319FA1D1C00FE524F /* HealthWalkingMapDetailViewController.h */ = {isa = PBXFileReference; fileEncoding = 4; lastKnownFileType = sourcecode.c.h; path = HealthWalkingMapDetailViewController.h; sourceTree = "<group>"; };
		4ADE377419FA1D1C00FE524F /* HealthWalkingMapDetailViewController.m */ = {isa = PBXFileReference; fileEncoding = 4; lastKnownFileType = sourcecode.c.objc; path = HealthWalkingMapDetailViewController.m; sourceTree = "<group>"; };
		4ADE377619FA41C900FE524F /* CoreLocation.framework */ = {isa = PBXFileReference; lastKnownFileType = wrapper.framework; name = CoreLocation.framework; path = System/Library/Frameworks/CoreLocation.framework; sourceTree = SDKROOT; };
		4ADE377819FA41DA00FE524F /* MapKit.framework */ = {isa = PBXFileReference; lastKnownFileType = wrapper.framework; name = MapKit.framework; path = System/Library/Frameworks/MapKit.framework; sourceTree = SDKROOT; };
		4ADE377B19FA728200FE524F /* FMDatabase.h */ = {isa = PBXFileReference; fileEncoding = 4; lastKnownFileType = sourcecode.c.h; path = FMDatabase.h; sourceTree = "<group>"; };
		4ADE377C19FA728200FE524F /* FMDatabase.m */ = {isa = PBXFileReference; fileEncoding = 4; lastKnownFileType = sourcecode.c.objc; path = FMDatabase.m; sourceTree = "<group>"; };
		4ADE377D19FA728200FE524F /* FMDatabaseAdditions.h */ = {isa = PBXFileReference; fileEncoding = 4; lastKnownFileType = sourcecode.c.h; path = FMDatabaseAdditions.h; sourceTree = "<group>"; };
		4ADE377E19FA728200FE524F /* FMDatabaseAdditions.m */ = {isa = PBXFileReference; fileEncoding = 4; lastKnownFileType = sourcecode.c.objc; path = FMDatabaseAdditions.m; sourceTree = "<group>"; };
		4ADE377F19FA728200FE524F /* FMDatabasePool.h */ = {isa = PBXFileReference; fileEncoding = 4; lastKnownFileType = sourcecode.c.h; path = FMDatabasePool.h; sourceTree = "<group>"; };
		4ADE378019FA728200FE524F /* FMDatabasePool.m */ = {isa = PBXFileReference; fileEncoding = 4; lastKnownFileType = sourcecode.c.objc; path = FMDatabasePool.m; sourceTree = "<group>"; };
		4ADE378119FA728200FE524F /* FMDatabaseQueue.h */ = {isa = PBXFileReference; fileEncoding = 4; lastKnownFileType = sourcecode.c.h; path = FMDatabaseQueue.h; sourceTree = "<group>"; };
		4ADE378219FA728200FE524F /* FMDatabaseQueue.m */ = {isa = PBXFileReference; fileEncoding = 4; lastKnownFileType = sourcecode.c.objc; path = FMDatabaseQueue.m; sourceTree = "<group>"; };
		4ADE378319FA728200FE524F /* FMDB.h */ = {isa = PBXFileReference; fileEncoding = 4; lastKnownFileType = sourcecode.c.h; path = FMDB.h; sourceTree = "<group>"; };
		4ADE378419FA728200FE524F /* FMResultSet.h */ = {isa = PBXFileReference; fileEncoding = 4; lastKnownFileType = sourcecode.c.h; path = FMResultSet.h; sourceTree = "<group>"; };
		4ADE378519FA728200FE524F /* FMResultSet.m */ = {isa = PBXFileReference; fileEncoding = 4; lastKnownFileType = sourcecode.c.objc; path = FMResultSet.m; sourceTree = "<group>"; };
		4ADE378B19FA72CD00FE524F /* libsqlite3.0.dylib */ = {isa = PBXFileReference; lastKnownFileType = "compiled.mach-o.dylib"; name = libsqlite3.0.dylib; path = usr/lib/libsqlite3.0.dylib; sourceTree = SDKROOT; };
		4ADE37A419FBD36300FE524F /* Course.m */ = {isa = PBXFileReference; fileEncoding = 4; lastKnownFileType = sourcecode.c.objc; path = Course.m; sourceTree = "<group>"; };
		4ADE37A519FBD36300FE524F /* Course.h */ = {isa = PBXFileReference; fileEncoding = 4; lastKnownFileType = sourcecode.c.h; path = Course.h; sourceTree = "<group>"; };
		9C08ABBA1A1463DC0096A6D6 /* CourseDetailMapView+Alert.h */ = {isa = PBXFileReference; fileEncoding = 4; lastKnownFileType = sourcecode.c.h; path = "CourseDetailMapView+Alert.h"; sourceTree = "<group>"; };
		9C08ABBB1A1463DC0096A6D6 /* CourseDetailMapView+Alert.m */ = {isa = PBXFileReference; fileEncoding = 4; lastKnownFileType = sourcecode.c.objc; path = "CourseDetailMapView+Alert.m"; sourceTree = "<group>"; };
		9C1D31A71A0A164A0098053D /* boolbaritem.png */ = {isa = PBXFileReference; lastKnownFileType = image.png; path = boolbaritem.png; sourceTree = "<group>"; };
		9C1D31A91A0A16520098053D /* background.png */ = {isa = PBXFileReference; lastKnownFileType = image.png; path = background.png; sourceTree = "<group>"; };
		9C1D31AB1A0A165D0098053D /* follow_icon.png */ = {isa = PBXFileReference; lastKnownFileType = image.png; path = follow_icon.png; sourceTree = "<group>"; };
		9C1D31AD1A0A16640098053D /* followheading_icon.png */ = {isa = PBXFileReference; lastKnownFileType = image.png; path = followheading_icon.png; sourceTree = "<group>"; };
		9C1D31AF1A0A166B0098053D /* none_icon.png */ = {isa = PBXFileReference; lastKnownFileType = image.png; path = none_icon.png; sourceTree = "<group>"; };
		9C1D31B11A0A30820098053D /* CustomAnnotation.h */ = {isa = PBXFileReference; fileEncoding = 4; lastKnownFileType = sourcecode.c.h; path = CustomAnnotation.h; sourceTree = "<group>"; };
		9C1D31B21A0A30820098053D /* CustomAnnotation.m */ = {isa = PBXFileReference; fileEncoding = 4; lastKnownFileType = sourcecode.c.objc; path = CustomAnnotation.m; sourceTree = "<group>"; };
		9C1D31B71A0A9A660098053D /* start_pin.png */ = {isa = PBXFileReference; lastKnownFileType = image.png; name = start_pin.png; path = ../start_pin.png; sourceTree = "<group>"; };
		9CB20AD81A131F8900A5F1A8 /* CourseMapView+Alert.h */ = {isa = PBXFileReference; fileEncoding = 4; lastKnownFileType = sourcecode.c.h; path = "CourseMapView+Alert.h"; sourceTree = "<group>"; };
		9CB20AD91A131F8900A5F1A8 /* CourseMapView+Alert.m */ = {isa = PBXFileReference; fileEncoding = 4; lastKnownFileType = sourcecode.c.objc; path = "CourseMapView+Alert.m"; sourceTree = "<group>"; };
/* End PBXFileReference section */

/* Begin PBXFrameworksBuildPhase section */
		4A74F30B19F6690D00DA5C82 /* Frameworks */ = {
			isa = PBXFrameworksBuildPhase;
			buildActionMask = 2147483647;
			files = (
				4ADE378C19FA72CD00FE524F /* libsqlite3.0.dylib in Frameworks */,
				4ADE377919FA41DA00FE524F /* MapKit.framework in Frameworks */,
				4ADE377719FA41C900FE524F /* CoreLocation.framework in Frameworks */,
			);
			runOnlyForDeploymentPostprocessing = 0;
		};
		4A74F32419F6690D00DA5C82 /* Frameworks */ = {
			isa = PBXFrameworksBuildPhase;
			buildActionMask = 2147483647;
			files = (
			);
			runOnlyForDeploymentPostprocessing = 0;
		};
/* End PBXFrameworksBuildPhase section */

/* Begin PBXGroup section */
		4A039EAB1A09045B005543CE /* categories_waku */ = {
			isa = PBXGroup;
			children = (
				4A039EAC1A09045B005543CE /* autumn_waku.png */,
				4A039EAD1A09045B005543CE /* park_waku.png */,
				4A039EAE1A09045B005543CE /* sea_waku.png */,
				4A039EAF1A09045B005543CE /* spring_waku.png */,
				4A039EB01A09045B005543CE /* summer_waku.png */,
				4A039EB11A09045B005543CE /* winter_waku.png */,
			);
			name = categories_waku;
			path = "icon_waku 2";
			sourceTree = "<group>";
		};
		4A74F30519F6690D00DA5C82 = {
			isa = PBXGroup;
			children = (
				4ADE378B19FA72CD00FE524F /* libsqlite3.0.dylib */,
				4ADE377819FA41DA00FE524F /* MapKit.framework */,
				4ADE377619FA41C900FE524F /* CoreLocation.framework */,
				4A74F31019F6690D00DA5C82 /* tourism-app */,
				4A74F32A19F6690D00DA5C82 /* tourism-appTests */,
				4A74F30F19F6690D00DA5C82 /* Products */,
			);
			sourceTree = "<group>";
		};
		4A74F30F19F6690D00DA5C82 /* Products */ = {
			isa = PBXGroup;
			children = (
				4A74F30E19F6690D00DA5C82 /* tourism-app.app */,
				4A74F32719F6690D00DA5C82 /* tourism-appTests.xctest */,
			);
			name = Products;
			sourceTree = "<group>";
		};
		4A74F31019F6690D00DA5C82 /* tourism-app */ = {
			isa = PBXGroup;
			children = (
				4A8596A11A0642340097379A /* walking_map.db */,
				9C1D31B41A0A34130098053D /* pin_images */,
				4A039EAB1A09045B005543CE /* categories_waku */,
				4A8596961A0318D90097379A /* button_images */,
				4A85967D1A00CBD10097379A /* categories */,
				4A85965919FFB67C0097379A /* spot_images */,
				4ADE377A19FA728200FE524F /* fmdb */,
				4A74F31B19F6690D00DA5C82 /* Main.storyboard */,
				4A74F31519F6690D00DA5C82 /* AppDelegate.h */,
				4A74F31619F6690D00DA5C82 /* AppDelegate.m */,
				4ADE375E19FA109200FE524F /* TopViewController.h */,
				4ADE375F19FA109200FE524F /* TopViewController.m */,
				4ADE37A519FBD36300FE524F /* Course.h */,
				4ADE37A419FBD36300FE524F /* Course.m */,
				4A8596921A025EE50097379A /* CourseModel.h */,
				4A8596931A025EE50097379A /* CourseModel.m */,
				4ADE376119FA1A5A00FE524F /* CourseTableViewController.h */,
				4ADE376219FA1A5A00FE524F /* CourseTableViewController.m */,
				9C1D31B11A0A30820098053D /* CustomAnnotation.h */,
				9C1D31B21A0A30820098053D /* CustomAnnotation.m */,
				4ADE376D19FA1C5D00FE524F /* CategoryViewController.h */,
				4ADE376E19FA1C5D00FE524F /* CategoryViewController.m */,
				4ADE376419FA1B7900FE524F /* CourseMapViewController.h */,
				4ADE376519FA1B7900FE524F /* CourseMapViewController.m */,
				9CB20AD81A131F8900A5F1A8 /* CourseMapView+Alert.h */,
				9CB20AD91A131F8900A5F1A8 /* CourseMapView+Alert.m */,
				4ADE376A19FA1C0A00FE524F /* CourseDetailViewController.h */,
				4ADE376B19FA1C0A00FE524F /* CourseDetailViewController.m */,
				4ADE376719FA1BC400FE524F /* CourseDetailMapViewController.h */,
				4ADE376819FA1BC400FE524F /* CourseDetailMapViewController.m */,
				9C08ABBA1A1463DC0096A6D6 /* CourseDetailMapView+Alert.h */,
				9C08ABBB1A1463DC0096A6D6 /* CourseDetailMapView+Alert.m */,
				4ADE377019FA1CC200FE524F /* SpotDetailViewController.h */,
				4ADE377119FA1CC200FE524F /* SpotDetailViewController.m */,
				4ADE377319FA1D1C00FE524F /* HealthWalkingMapDetailViewController.h */,
				4ADE377419FA1D1C00FE524F /* HealthWalkingMapDetailViewController.m */,
				4A74F31E19F6690D00DA5C82 /* Images.xcassets */,
				4A74F32019F6690D00DA5C82 /* LaunchScreen.xib */,
				4A74F31119F6690D00DA5C82 /* Supporting Files */,
			);
			path = "tourism-app";
			sourceTree = "<group>";
		};
		4A74F31119F6690D00DA5C82 /* Supporting Files */ = {
			isa = PBXGroup;
			children = (
				4A74F31219F6690D00DA5C82 /* Info.plist */,
				4A74F31319F6690D00DA5C82 /* main.m */,
			);
			name = "Supporting Files";
			sourceTree = "<group>";
		};
		4A74F32A19F6690D00DA5C82 /* tourism-appTests */ = {
			isa = PBXGroup;
			children = (
				4A74F32D19F6690D00DA5C82 /* tourism_appTests.m */,
				4A74F32B19F6690D00DA5C82 /* Supporting Files */,
			);
			path = "tourism-appTests";
			sourceTree = "<group>";
		};
		4A74F32B19F6690D00DA5C82 /* Supporting Files */ = {
			isa = PBXGroup;
			children = (
				4A74F32C19F6690D00DA5C82 /* Info.plist */,
			);
			name = "Supporting Files";
			sourceTree = "<group>";
		};
		4A85965919FFB67C0097379A /* spot_images */ = {
			isa = PBXGroup;
			children = (
				4A85965A19FFB67C0097379A /* hakodateasaichi.png */,
				4A85965B19FFB67C0097379A /* hakodatechihoukisyoudai.png */,
				4A85965C19FFB67C0097379A /* hakodatehachimangu.png */,
				4A85965D19FFB67C0097379A /* hakodatetankidaigakuhuzokuyouchien.png */,
				4A85965E19FFB67C0097379A /* hokkaidouoshimagoudoutyousya.png */,
				4A85965F19FFB67C0097379A /* kashiwagityoukaikan.png */,
				4A85966019FFB67C0097379A /* kashiwanosyougakkou.png */,
				4A85966119FFB67C0097379A /* kashiwanosyougakkou2.png */,
				4A85966219FFB67C0097379A /* kouyaji.png */,
				4A85966319FFB67C0097379A /* memoriarushippumashumaru.png */,
				4A85966419FFB67C0097379A /* midorimachidori.png */,
				4A85966519FFB67C0097379A /* sakuragaokadori.png */,
				4A85966619FFB67C0097379A /* sakuragaokadori2.png */,
				4A85966719FFB67C0097379A /* sumiyoshityoukaikan.png */,
				4A85966819FFB67C0097379A /* tomoeohashi.png */,
				4A85966919FFB67C0097379A /* yajigashiratyoukaikan.png */,
			);
			path = spot_images;
			sourceTree = "<group>";
		};
		4A85967D1A00CBD10097379A /* categories */ = {
			isa = PBXGroup;
			children = (
				4A85967E1A00CBD10097379A /* autumn.png */,
				4A85967F1A00CBD10097379A /* park.png */,
				4A8596801A00CBD10097379A /* sea.png */,
				4A8596811A00CBD10097379A /* spring.png */,
				4A8596821A00CBD10097379A /* summer.png */,
				4A8596831A00CBD10097379A /* winter.png */,
			);
			path = categories;
			sourceTree = "<group>";
		};
		4A8596961A0318D90097379A /* button_images */ = {
			isa = PBXGroup;
			children = (
				4A8596971A0318D90097379A /* see_walkingmap.png */,
				4A8596981A0318D90097379A /* walk_course.png */,
				9C1D31A71A0A164A0098053D /* boolbaritem.png */,
				9C1D31A91A0A16520098053D /* background.png */,
				9C1D31AB1A0A165D0098053D /* follow_icon.png */,
				9C1D31AD1A0A16640098053D /* followheading_icon.png */,
				9C1D31AF1A0A166B0098053D /* none_icon.png */,
			);
			path = button_images;
			sourceTree = "<group>";
		};
		4ADE377A19FA728200FE524F /* fmdb */ = {
			isa = PBXGroup;
			children = (
				4ADE377B19FA728200FE524F /* FMDatabase.h */,
				4ADE377C19FA728200FE524F /* FMDatabase.m */,
				4ADE377D19FA728200FE524F /* FMDatabaseAdditions.h */,
				4ADE377E19FA728200FE524F /* FMDatabaseAdditions.m */,
				4ADE377F19FA728200FE524F /* FMDatabasePool.h */,
				4ADE378019FA728200FE524F /* FMDatabasePool.m */,
				4ADE378119FA728200FE524F /* FMDatabaseQueue.h */,
				4ADE378219FA728200FE524F /* FMDatabaseQueue.m */,
				4ADE378319FA728200FE524F /* FMDB.h */,
				4ADE378419FA728200FE524F /* FMResultSet.h */,
				4ADE378519FA728200FE524F /* FMResultSet.m */,
			);
			path = fmdb;
			sourceTree = "<group>";
		};
		9C1D31B41A0A34130098053D /* pin_images */ = {
			isa = PBXGroup;
			children = (
				9C1D31B71A0A9A660098053D /* start_pin.png */,
			);
			path = pin_images;
			sourceTree = "<group>";
		};
/* End PBXGroup section */

/* Begin PBXNativeTarget section */
		4A74F30D19F6690D00DA5C82 /* tourism-app */ = {
			isa = PBXNativeTarget;
			buildConfigurationList = 4A74F33119F6690D00DA5C82 /* Build configuration list for PBXNativeTarget "tourism-app" */;
			buildPhases = (
				4A74F30A19F6690D00DA5C82 /* Sources */,
				4A74F30B19F6690D00DA5C82 /* Frameworks */,
				4A74F30C19F6690D00DA5C82 /* Resources */,
			);
			buildRules = (
			);
			dependencies = (
			);
			name = "tourism-app";
			productName = "tourism-app";
			productReference = 4A74F30E19F6690D00DA5C82 /* tourism-app.app */;
			productType = "com.apple.product-type.application";
		};
		4A74F32619F6690D00DA5C82 /* tourism-appTests */ = {
			isa = PBXNativeTarget;
			buildConfigurationList = 4A74F33419F6690D00DA5C82 /* Build configuration list for PBXNativeTarget "tourism-appTests" */;
			buildPhases = (
				4A74F32319F6690D00DA5C82 /* Sources */,
				4A74F32419F6690D00DA5C82 /* Frameworks */,
				4A74F32519F6690D00DA5C82 /* Resources */,
			);
			buildRules = (
			);
			dependencies = (
				4A74F32919F6690D00DA5C82 /* PBXTargetDependency */,
			);
			name = "tourism-appTests";
			productName = "tourism-appTests";
			productReference = 4A74F32719F6690D00DA5C82 /* tourism-appTests.xctest */;
			productType = "com.apple.product-type.bundle.unit-test";
		};
/* End PBXNativeTarget section */

/* Begin PBXProject section */
		4A74F30619F6690D00DA5C82 /* Project object */ = {
			isa = PBXProject;
			attributes = {
				LastUpgradeCheck = 0600;
				ORGANIZATIONNAME = myname;
				TargetAttributes = {
					4A74F30D19F6690D00DA5C82 = {
						CreatedOnToolsVersion = 6.0.1;
					};
					4A74F32619F6690D00DA5C82 = {
						CreatedOnToolsVersion = 6.0.1;
						TestTargetID = 4A74F30D19F6690D00DA5C82;
					};
				};
			};
			buildConfigurationList = 4A74F30919F6690D00DA5C82 /* Build configuration list for PBXProject "tourism-app" */;
			compatibilityVersion = "Xcode 3.2";
			developmentRegion = English;
			hasScannedForEncodings = 0;
			knownRegions = (
				en,
				Base,
			);
			mainGroup = 4A74F30519F6690D00DA5C82;
			productRefGroup = 4A74F30F19F6690D00DA5C82 /* Products */;
			projectDirPath = "";
			projectRoot = "";
			targets = (
				4A74F30D19F6690D00DA5C82 /* tourism-app */,
				4A74F32619F6690D00DA5C82 /* tourism-appTests */,
			);
		};
/* End PBXProject section */

/* Begin PBXResourcesBuildPhase section */
		4A74F30C19F6690D00DA5C82 /* Resources */ = {
			isa = PBXResourcesBuildPhase;
			buildActionMask = 2147483647;
			files = (
				4A8596891A00CBD10097379A /* winter.png in Resources */,
				9C1D31B01A0A166B0098053D /* none_icon.png in Resources */,
				4A8596871A00CBD10097379A /* spring.png in Resources */,
				4A85967619FFB67C0097379A /* sakuragaokadori2.png in Resources */,
				4A85967219FFB67C0097379A /* kouyaji.png in Resources */,
				4A039EB41A09045B005543CE /* sea_waku.png in Resources */,
				4A039EB21A09045B005543CE /* autumn_waku.png in Resources */,
				4A85967419FFB67C0097379A /* midorimachidori.png in Resources */,
				4A85967819FFB67C0097379A /* tomoeohashi.png in Resources */,
				4A85966F19FFB67C0097379A /* kashiwagityoukaikan.png in Resources */,
				4A85966D19FFB67C0097379A /* hakodatetankidaigakuhuzokuyouchien.png in Resources */,
				4A85967319FFB67C0097379A /* memoriarushippumashumaru.png in Resources */,
				4A85969A1A0318D90097379A /* walk_course.png in Resources */,
				4A039EB51A09045B005543CE /* spring_waku.png in Resources */,
				4A8596841A00CBD10097379A /* autumn.png in Resources */,
				4A85967919FFB67C0097379A /* yajigashiratyoukaikan.png in Resources */,
				4A85966B19FFB67C0097379A /* hakodatechihoukisyoudai.png in Resources */,
				9C1D31AC1A0A165D0098053D /* follow_icon.png in Resources */,
				4A85967119FFB67C0097379A /* kashiwanosyougakkou2.png in Resources */,
				4A8596851A00CBD10097379A /* park.png in Resources */,
				4A85967019FFB67C0097379A /* kashiwanosyougakkou.png in Resources */,
				4A85967719FFB67C0097379A /* sumiyoshityoukaikan.png in Resources */,
				4A85966C19FFB67C0097379A /* hakodatehachimangu.png in Resources */,
				9C1D31A81A0A164A0098053D /* boolbaritem.png in Resources */,
				4A039EB31A09045B005543CE /* park_waku.png in Resources */,
				9C1D31AE1A0A16640098053D /* followheading_icon.png in Resources */,
				4A74F31D19F6690D00DA5C82 /* Main.storyboard in Resources */,
				4A74F32219F6690D00DA5C82 /* LaunchScreen.xib in Resources */,
				9C1D31B81A0A9A660098053D /* start_pin.png in Resources */,
				9C1D31AA1A0A16520098053D /* background.png in Resources */,
				4A8596991A0318D90097379A /* see_walkingmap.png in Resources */,
				4A74F31F19F6690D00DA5C82 /* Images.xcassets in Resources */,
				4A85966E19FFB67C0097379A /* hokkaidouoshimagoudoutyousya.png in Resources */,
				4A85967519FFB67C0097379A /* sakuragaokadori.png in Resources */,
				4A8596A21A0642340097379A /* walking_map.db in Resources */,
				4A8596881A00CBD10097379A /* summer.png in Resources */,
				4A8596861A00CBD10097379A /* sea.png in Resources */,
				4A85966A19FFB67C0097379A /* hakodateasaichi.png in Resources */,
				4A039EB71A09045B005543CE /* winter_waku.png in Resources */,
				4A039EB61A09045B005543CE /* summer_waku.png in Resources */,
			);
			runOnlyForDeploymentPostprocessing = 0;
		};
		4A74F32519F6690D00DA5C82 /* Resources */ = {
			isa = PBXResourcesBuildPhase;
			buildActionMask = 2147483647;
			files = (
			);
			runOnlyForDeploymentPostprocessing = 0;
		};
/* End PBXResourcesBuildPhase section */

/* Begin PBXSourcesBuildPhase section */
		4A74F30A19F6690D00DA5C82 /* Sources */ = {
			isa = PBXSourcesBuildPhase;
			buildActionMask = 2147483647;
			files = (
				4ADE376319FA1A5A00FE524F /* CourseTableViewController.m in Sources */,
				4ADE376019FA109200FE524F /* TopViewController.m in Sources */,
				4A8596941A025EE50097379A /* CourseModel.m in Sources */,
				4ADE378819FA728200FE524F /* FMDatabasePool.m in Sources */,
				4ADE378919FA728200FE524F /* FMDatabaseQueue.m in Sources */,
				4ADE37A819FBD36300FE524F /* Course.m in Sources */,
				4ADE376C19FA1C0A00FE524F /* CourseDetailViewController.m in Sources */,
				4ADE377219FA1CC200FE524F /* SpotDetailViewController.m in Sources */,
				9CB20ADA1A131F8900A5F1A8 /* CourseMapView+Alert.m in Sources */,
				4ADE376619FA1B7900FE524F /* CourseMapViewController.m in Sources */,
				9C08ABBC1A1463DC0096A6D6 /* CourseDetailMapView+Alert.m in Sources */,
				9C1D31B31A0A30820098053D /* CustomAnnotation.m in Sources */,
				4ADE376F19FA1C5D00FE524F /* CategoryViewController.m in Sources */,
				4A74F31719F6690D00DA5C82 /* AppDelegate.m in Sources */,
				4ADE378A19FA728200FE524F /* FMResultSet.m in Sources */,
				4ADE377519FA1D1C00FE524F /* HealthWalkingMapDetailViewController.m in Sources */,
				4A74F31419F6690D00DA5C82 /* main.m in Sources */,
				4ADE378619FA728200FE524F /* FMDatabase.m in Sources */,
				4ADE376919FA1BC400FE524F /* CourseDetailMapViewController.m in Sources */,
				4ADE378719FA728200FE524F /* FMDatabaseAdditions.m in Sources */,
			);
			runOnlyForDeploymentPostprocessing = 0;
		};
		4A74F32319F6690D00DA5C82 /* Sources */ = {
			isa = PBXSourcesBuildPhase;
			buildActionMask = 2147483647;
			files = (
				4A8596951A025EE50097379A /* CourseModel.m in Sources */,
				4A74F32E19F6690D00DA5C82 /* tourism_appTests.m in Sources */,
			);
			runOnlyForDeploymentPostprocessing = 0;
		};
/* End PBXSourcesBuildPhase section */

/* Begin PBXTargetDependency section */
		4A74F32919F6690D00DA5C82 /* PBXTargetDependency */ = {
			isa = PBXTargetDependency;
			target = 4A74F30D19F6690D00DA5C82 /* tourism-app */;
			targetProxy = 4A74F32819F6690D00DA5C82 /* PBXContainerItemProxy */;
		};
/* End PBXTargetDependency section */

/* Begin PBXVariantGroup section */
		4A74F31B19F6690D00DA5C82 /* Main.storyboard */ = {
			isa = PBXVariantGroup;
			children = (
				4A74F31C19F6690D00DA5C82 /* Base */,
			);
			name = Main.storyboard;
			sourceTree = "<group>";
		};
		4A74F32019F6690D00DA5C82 /* LaunchScreen.xib */ = {
			isa = PBXVariantGroup;
			children = (
				4A74F32119F6690D00DA5C82 /* Base */,
			);
			name = LaunchScreen.xib;
			sourceTree = "<group>";
		};
/* End PBXVariantGroup section */

/* Begin XCBuildConfiguration section */
		4A74F32F19F6690D00DA5C82 /* Debug */ = {
			isa = XCBuildConfiguration;
			buildSettings = {
				ALWAYS_SEARCH_USER_PATHS = NO;
				CLANG_CXX_LANGUAGE_STANDARD = "gnu++0x";
				CLANG_CXX_LIBRARY = "libc++";
				CLANG_ENABLE_MODULES = YES;
				CLANG_ENABLE_OBJC_ARC = YES;
				CLANG_WARN_BOOL_CONVERSION = YES;
				CLANG_WARN_CONSTANT_CONVERSION = YES;
				CLANG_WARN_DIRECT_OBJC_ISA_USAGE = YES_ERROR;
				CLANG_WARN_EMPTY_BODY = YES;
				CLANG_WARN_ENUM_CONVERSION = YES;
				CLANG_WARN_INT_CONVERSION = YES;
				CLANG_WARN_OBJC_ROOT_CLASS = YES_ERROR;
				CLANG_WARN_UNREACHABLE_CODE = YES;
				CLANG_WARN__DUPLICATE_METHOD_MATCH = YES;
				"CODE_SIGN_IDENTITY[sdk=iphoneos*]" = "iPhone Developer";
				COPY_PHASE_STRIP = NO;
				ENABLE_STRICT_OBJC_MSGSEND = YES;
				GCC_C_LANGUAGE_STANDARD = gnu99;
				GCC_DYNAMIC_NO_PIC = NO;
				GCC_OPTIMIZATION_LEVEL = 0;
				GCC_PREPROCESSOR_DEFINITIONS = (
					"DEBUG=1",
					"$(inherited)",
				);
				GCC_SYMBOLS_PRIVATE_EXTERN = NO;
				GCC_WARN_64_TO_32_BIT_CONVERSION = YES;
				GCC_WARN_ABOUT_RETURN_TYPE = YES_ERROR;
				GCC_WARN_UNDECLARED_SELECTOR = YES;
				GCC_WARN_UNINITIALIZED_AUTOS = YES_AGGRESSIVE;
				GCC_WARN_UNUSED_FUNCTION = YES;
				GCC_WARN_UNUSED_VARIABLE = YES;
				IPHONEOS_DEPLOYMENT_TARGET = 8.0;
				MTL_ENABLE_DEBUG_INFO = YES;
				ONLY_ACTIVE_ARCH = YES;
				SDKROOT = iphoneos;
				TARGETED_DEVICE_FAMILY = "1,2";
			};
			name = Debug;
		};
		4A74F33019F6690D00DA5C82 /* Release */ = {
			isa = XCBuildConfiguration;
			buildSettings = {
				ALWAYS_SEARCH_USER_PATHS = NO;
				CLANG_CXX_LANGUAGE_STANDARD = "gnu++0x";
				CLANG_CXX_LIBRARY = "libc++";
				CLANG_ENABLE_MODULES = YES;
				CLANG_ENABLE_OBJC_ARC = YES;
				CLANG_WARN_BOOL_CONVERSION = YES;
				CLANG_WARN_CONSTANT_CONVERSION = YES;
				CLANG_WARN_DIRECT_OBJC_ISA_USAGE = YES_ERROR;
				CLANG_WARN_EMPTY_BODY = YES;
				CLANG_WARN_ENUM_CONVERSION = YES;
				CLANG_WARN_INT_CONVERSION = YES;
				CLANG_WARN_OBJC_ROOT_CLASS = YES_ERROR;
				CLANG_WARN_UNREACHABLE_CODE = YES;
				CLANG_WARN__DUPLICATE_METHOD_MATCH = YES;
				"CODE_SIGN_IDENTITY[sdk=iphoneos*]" = "iPhone Developer";
				COPY_PHASE_STRIP = YES;
				ENABLE_NS_ASSERTIONS = NO;
				ENABLE_STRICT_OBJC_MSGSEND = YES;
				GCC_C_LANGUAGE_STANDARD = gnu99;
				GCC_WARN_64_TO_32_BIT_CONVERSION = YES;
				GCC_WARN_ABOUT_RETURN_TYPE = YES_ERROR;
				GCC_WARN_UNDECLARED_SELECTOR = YES;
				GCC_WARN_UNINITIALIZED_AUTOS = YES_AGGRESSIVE;
				GCC_WARN_UNUSED_FUNCTION = YES;
				GCC_WARN_UNUSED_VARIABLE = YES;
				IPHONEOS_DEPLOYMENT_TARGET = 8.0;
				MTL_ENABLE_DEBUG_INFO = NO;
				SDKROOT = iphoneos;
				TARGETED_DEVICE_FAMILY = "1,2";
				VALIDATE_PRODUCT = YES;
			};
			name = Release;
		};
		4A74F33219F6690D00DA5C82 /* Debug */ = {
			isa = XCBuildConfiguration;
			buildSettings = {
				ASSETCATALOG_COMPILER_APPICON_NAME = AppIcon;
				INFOPLIST_FILE = "tourism-app/Info.plist";
				IPHONEOS_DEPLOYMENT_TARGET = 7.1;
				LD_RUNPATH_SEARCH_PATHS = "$(inherited) @executable_path/Frameworks";
				PRODUCT_NAME = "$(TARGET_NAME)";
			};
			name = Debug;
		};
		4A74F33319F6690D00DA5C82 /* Release */ = {
			isa = XCBuildConfiguration;
			buildSettings = {
				ASSETCATALOG_COMPILER_APPICON_NAME = AppIcon;
				INFOPLIST_FILE = "tourism-app/Info.plist";
				IPHONEOS_DEPLOYMENT_TARGET = 7.1;
				LD_RUNPATH_SEARCH_PATHS = "$(inherited) @executable_path/Frameworks";
				PRODUCT_NAME = "$(TARGET_NAME)";
			};
			name = Release;
		};
		4A74F33519F6690D00DA5C82 /* Debug */ = {
			isa = XCBuildConfiguration;
			buildSettings = {
				BUNDLE_LOADER = "$(TEST_HOST)";
				FRAMEWORK_SEARCH_PATHS = (
					"$(SDKROOT)/Developer/Library/Frameworks",
					"$(inherited)",
				);
				GCC_PREPROCESSOR_DEFINITIONS = (
					"DEBUG=1",
					"$(inherited)",
				);
				INFOPLIST_FILE = "tourism-appTests/Info.plist";
				LD_RUNPATH_SEARCH_PATHS = "$(inherited) @executable_path/Frameworks @loader_path/Frameworks";
				PRODUCT_NAME = "$(TARGET_NAME)";
				TEST_HOST = "$(BUILT_PRODUCTS_DIR)/tourism-app.app/tourism-app";
			};
			name = Debug;
		};
		4A74F33619F6690D00DA5C82 /* Release */ = {
			isa = XCBuildConfiguration;
			buildSettings = {
				BUNDLE_LOADER = "$(TEST_HOST)";
				FRAMEWORK_SEARCH_PATHS = (
					"$(SDKROOT)/Developer/Library/Frameworks",
					"$(inherited)",
				);
				INFOPLIST_FILE = "tourism-appTests/Info.plist";
				LD_RUNPATH_SEARCH_PATHS = "$(inherited) @executable_path/Frameworks @loader_path/Frameworks";
				PRODUCT_NAME = "$(TARGET_NAME)";
				TEST_HOST = "$(BUILT_PRODUCTS_DIR)/tourism-app.app/tourism-app";
			};
			name = Release;
		};
/* End XCBuildConfiguration section */

/* Begin XCConfigurationList section */
		4A74F30919F6690D00DA5C82 /* Build configuration list for PBXProject "tourism-app" */ = {
			isa = XCConfigurationList;
			buildConfigurations = (
				4A74F32F19F6690D00DA5C82 /* Debug */,
				4A74F33019F6690D00DA5C82 /* Release */,
			);
			defaultConfigurationIsVisible = 0;
			defaultConfigurationName = Release;
		};
		4A74F33119F6690D00DA5C82 /* Build configuration list for PBXNativeTarget "tourism-app" */ = {
			isa = XCConfigurationList;
			buildConfigurations = (
				4A74F33219F6690D00DA5C82 /* Debug */,
				4A74F33319F6690D00DA5C82 /* Release */,
			);
			defaultConfigurationIsVisible = 0;
			defaultConfigurationName = Release;
		};
		4A74F33419F6690D00DA5C82 /* Build configuration list for PBXNativeTarget "tourism-appTests" */ = {
			isa = XCConfigurationList;
			buildConfigurations = (
				4A74F33519F6690D00DA5C82 /* Debug */,
				4A74F33619F6690D00DA5C82 /* Release */,
			);
			defaultConfigurationIsVisible = 0;
			defaultConfigurationName = Release;
		};
/* End XCConfigurationList section */
	};
	rootObject = 4A74F30619F6690D00DA5C82 /* Project object */;
}
